{
    "_readme": [
        "This file locks the dependencies of your project to a known state",
        "Read more about it at https://getcomposer.org/doc/01-basic-usage.md#installing-dependencies",
        "This file is @generated automatically"
    ],
    "content-hash": "a0a89140f586e9895f0bbb67280d720f13a23be2c4fc563fb98014d47b1afc66",
    "packages": [],
    "packages-dev": [
        {
            "name": "funckgroup/fg-core",
            "version": "1.1.3",
            "source": {
                "type": "git",
                "url": "git@github.com:funckgroup/fg-core-wp.git",
                "reference": "1.1.3"
            },
            "require": {
                "php": ">=7.4"
            },
            "type": "library",
            "license": [
                "proprietary"
            ],
            "description": "Embedded runtime for FUNCKGROUP WordPress plugins"
        }
    ],
    "aliases": [],
    "minimum-stability": "stable",
    "stability-flags": [],
    "prefer-stable": false,
    "prefer-lowest": false,
    "platform": {
        "php": ">=7.4"
    },
    "platform-dev": [],
    "plugin-api-version": "2.6.0"
}
